
Microsoft Visual Studio Solution File, Format Version 12.00
# Visual Studio Version 17
VisualStudioVersion = 17.9.34607.119
MinimumVisualStudioVersion = 10.0.40219.1
Project("{FAE04EC0-301F-11D3-BF4B-00C04F79EFBC}") = "Ex_winform", "Ex_winform\Ex_winform.csproj", "{C34E8603-CE0B-4D45-BC11-2030E428E94E}"
EndProject
Global
	GlobalSection(SolutionConfigurationPlatforms) = preSolution
		Debug|Any CPU = Debug|Any CPU
		Release|Any CPU = Release|Any CPU
	EndGlobalSection
	GlobalSection(ProjectConfigurationPlatforms) = postSolution
		{C34E8603-CE0B-4D45-BC11-2030E428E94E}.Debug|Any CPU.ActiveCfg = Debug|Any CPU
		{C34E8603-CE0B-4D45-BC11-2030E428E94E}.Debug|Any CPU.Build.0 = Debug|Any CPU
		{C34E8603-CE0B-4D45-BC11-2030E428E94E}.Release|Any CPU.ActiveCfg = Release|Any CPU
		{C34E8603-CE0B-4D45-BC11-2030E428E94E}.Release|Any CPU.Build.0 = Release|Any CPU
	EndGlobalSection
	GlobalSection(SolutionProperties) = preSolution
		HideSolutionNode = FALSE
	EndGlobalSection
	GlobalSection(ExtensibilityGlobals) = postSolution
		SolutionGuid = {7A6BE103-5F41-4003-8616-07CE927C0FF6}
	EndGlobalSection
EndGlobal
